
Microsoft Visual Studio Solution File, Format Version 12.00
# Visual Studio 15
VisualStudioVersion = 15.0.28307.1401
MinimumVisualStudioVersion = 10.0.40219.1
Project("{FAE04EC0-301F-11D3-BF4B-00C04F79EFBC}") = "music-player", "music-player\music-player.csproj", "{FA99E2B7-7968-4355-B771-BD13ED7813B3}"
EndProject
Project("{2150E333-8FDC-42A3-9474-1A3956D46DE8}") = "Solution Items", "Solution Items", "{81AEBBFA-23A4-4518-84C5-0DCC4031A402}"
EndProject
Global
	GlobalSection(SolutionConfigurationPlatforms) = preSolution
		Debug|Any CPU = Debug|Any CPU
		Release|Any CPU = Release|Any CPU
	EndGlobalSection
	GlobalSection(ProjectConfigurationPlatforms) = postSolution
		{FA99E2B7-7968-4355-B771-BD13ED7813B3}.Debug|Any CPU.ActiveCfg = Debug|Any CPU
		{FA99E2B7-7968-4355-B771-BD13ED7813B3}.Debug|Any CPU.Build.0 = Debug|Any CPU
		{FA99E2B7-7968-4355-B771-BD13ED7813B3}.Release|Any CPU.ActiveCfg = Release|Any CPU
		{FA99E2B7-7968-4355-B771-BD13ED7813B3}.Release|Any CPU.Build.0 = Release|Any CPU
	EndGlobalSection
	GlobalSection(SolutionProperties) = preSolution
		HideSolutionNode = FALSE
	EndGlobalSection
	GlobalSection(ExtensibilityGlobals) = postSolution
		SolutionGuid = {526B41AA-6E63-4E7B-8B77-1434A68E23B5}
	EndGlobalSection
EndGlobal
